
Microsoft Visual Studio Solution File, Format Version 12.00
Project("{2150E333-8FDC-42A3-9474-1A3956D46DE8}") = "Docker", "Docker", "{67C272F7-11A0-4B95-B5E5-FC393DBFB6BF}"
	ProjectSection(SolutionItems) = preProject
		testekonsi-compose.yaml = testekonsi-compose.yaml
	EndProjectSection
EndProject
Project("{2150E333-8FDC-42A3-9474-1A3956D46DE8}") = "application", "application", "{00ECE930-5DB9-45F8-AB2E-D04FF0BB8B99}"
	ProjectSection(SolutionItems) = preProject
		testekonsi.dockerfile = testekonsi.dockerfile
	EndProjectSection
EndProject
Project("{2150E333-8FDC-42A3-9474-1A3956D46DE8}") = "rabbitmq", "rabbitmq", "{A539219C-8739-4A64-8297-DEC5F5739D8A}"
	ProjectSection(SolutionItems) = preProject
		definitions.json = definitions.json
		rabbitmq.conf = rabbitmq.conf
	EndProjectSection
EndProject
Project("{FAE04EC0-301F-11D3-BF4B-00C04F79EFBC}") = "TesteKonsi.WebApi", "TesteKonsi.WebApi\TesteKonsi.WebApi.csproj", "{7C6DDA4C-5799-4350-B7CA-4CD47662C846}"
EndProject
Project("{FAE04EC0-301F-11D3-BF4B-00C04F79EFBC}") = "TesteKonsi.Application", "TesteKonsi.Application\TesteKonsi.Application.csproj", "{08963C59-281E-4F4B-B104-D4594F3CBC34}"
EndProject
Project("{FAE04EC0-301F-11D3-BF4B-00C04F79EFBC}") = "TesteKonsi.Domain", "TesteKonsi.Domain\TesteKonsi.Domain.csproj", "{B1B4CB73-E46D-4122-9AD3-05A1D7E4C7DF}"
EndProject
Project("{FAE04EC0-301F-11D3-BF4B-00C04F79EFBC}") = "TesteKonsi.Infra.Services", "TesteKonsi.Infra.Services\TesteKonsi.Infra.Services.csproj", "{07AB174B-DDC9-444E-871C-34276E55EDC4}"
EndProject
Project("{2150E333-8FDC-42A3-9474-1A3956D46DE8}") = "Git", "Git", "{647364A0-819D-439E-8590-30305BCB0235}"
	ProjectSection(SolutionItems) = preProject
		.gitignore = .gitignore
	EndProjectSection
EndProject
Global
	GlobalSection(SolutionConfigurationPlatforms) = preSolution
		Debug|Any CPU = Debug|Any CPU
		Release|Any CPU = Release|Any CPU
	EndGlobalSection
	GlobalSection(ProjectConfigurationPlatforms) = postSolution
		{7C6DDA4C-5799-4350-B7CA-4CD47662C846}.Debug|Any CPU.ActiveCfg = Debug|Any CPU
		{7C6DDA4C-5799-4350-B7CA-4CD47662C846}.Debug|Any CPU.Build.0 = Debug|Any CPU
		{7C6DDA4C-5799-4350-B7CA-4CD47662C846}.Release|Any CPU.ActiveCfg = Release|Any CPU
		{7C6DDA4C-5799-4350-B7CA-4CD47662C846}.Release|Any CPU.Build.0 = Release|Any CPU
		{08963C59-281E-4F4B-B104-D4594F3CBC34}.Debug|Any CPU.ActiveCfg = Debug|Any CPU
		{08963C59-281E-4F4B-B104-D4594F3CBC34}.Debug|Any CPU.Build.0 = Debug|Any CPU
		{08963C59-281E-4F4B-B104-D4594F3CBC34}.Release|Any CPU.ActiveCfg = Release|Any CPU
		{08963C59-281E-4F4B-B104-D4594F3CBC34}.Release|Any CPU.Build.0 = Release|Any CPU
		{B1B4CB73-E46D-4122-9AD3-05A1D7E4C7DF}.Debug|Any CPU.ActiveCfg = Debug|Any CPU
		{B1B4CB73-E46D-4122-9AD3-05A1D7E4C7DF}.Debug|Any CPU.Build.0 = Debug|Any CPU
		{B1B4CB73-E46D-4122-9AD3-05A1D7E4C7DF}.Release|Any CPU.ActiveCfg = Release|Any CPU
		{B1B4CB73-E46D-4122-9AD3-05A1D7E4C7DF}.Release|Any CPU.Build.0 = Release|Any CPU
		{07AB174B-DDC9-444E-871C-34276E55EDC4}.Debug|Any CPU.ActiveCfg = Debug|Any CPU
		{07AB174B-DDC9-444E-871C-34276E55EDC4}.Debug|Any CPU.Build.0 = Debug|Any CPU
		{07AB174B-DDC9-444E-871C-34276E55EDC4}.Release|Any CPU.ActiveCfg = Release|Any CPU
		{07AB174B-DDC9-444E-871C-34276E55EDC4}.Release|Any CPU.Build.0 = Release|Any CPU
	EndGlobalSection
	GlobalSection(NestedProjects) = preSolution
		{00ECE930-5DB9-45F8-AB2E-D04FF0BB8B99} = {67C272F7-11A0-4B95-B5E5-FC393DBFB6BF}
		{A539219C-8739-4A64-8297-DEC5F5739D8A} = {67C272F7-11A0-4B95-B5E5-FC393DBFB6BF}
	EndGlobalSection
EndGlobal
